// !$*UTF8*$!
{
	archiveVersion = 1;
	classes = {
	};
	objectVersion = 52;
	objects = {

/* Begin PBXBuildFile section */
		F2375FFE25D9CE2A00D9E97E /* item.swift in Sources */ = {isa = PBXBuildFile; fileRef = F2375FFD25D9CE2A00D9E97E /* item.swift */; };
		F237600325D9CED600D9E97E /* Gloss in Frameworks */ = {isa = PBXBuildFile; productRef = F237600225D9CED600D9E97E /* Gloss */; };
		F2F6EAE525D9A31B0041A626 /* AppDelegate.swift in Sources */ = {isa = PBXBuildFile; fileRef = F2F6EAE425D9A31B0041A626 /* AppDelegate.swift */; };
		F2F6EAE725D9A31B0041A626 /* SceneDelegate.swift in Sources */ = {isa = PBXBuildFile; fileRef = F2F6EAE625D9A31B0041A626 /* SceneDelegate.swift */; };
		F2F6EAE925D9A31B0041A626 /* statisticsViewController.swift in Sources */ = {isa = PBXBuildFile; fileRef = F2F6EAE825D9A31B0041A626 /* statisticsViewController.swift */; };
		F2F6EAEC25D9A31B0041A626 /* Main.storyboard in Resources */ = {isa = PBXBuildFile; fileRef = F2F6EAEA25D9A31B0041A626 /* Main.storyboard */; };
		F2F6EAEE25D9A31B0041A626 /* Assets.xcassets in Resources */ = {isa = PBXBuildFile; fileRef = F2F6EAED25D9A31B0041A626 /* Assets.xcassets */; };
		F2F6EAF125D9A31B0041A626 /* LaunchScreen.storyboard in Resources */ = {isa = PBXBuildFile; fileRef = F2F6EAEF25D9A31B0041A626 /* LaunchScreen.storyboard */; };
		F2F6EB0125D9C8FC0041A626 /* detailViewController.swift in Sources */ = {isa = PBXBuildFile; fileRef = F2F6EB0025D9C8FC0041A626 /* detailViewController.swift */; };
		F2F6EB0425D9C9130041A626 /* webViewController.swift in Sources */ = {isa = PBXBuildFile; fileRef = F2F6EB0325D9C9130041A626 /* webViewController.swift */; };
/* End PBXBuildFile section */

/* Begin PBXFileReference section */
		F2375FFD25D9CE2A00D9E97E /* item.swift */ = {isa = PBXFileReference; lastKnownFileType = sourcecode.swift; path = item.swift; sourceTree = "<group>"; };
		F2F6EAE125D9A31B0041A626 /* CovidStatistics.app */ = {isa = PBXFileReference; explicitFileType = wrapper.application; includeInIndex = 0; path = CovidStatistics.app; sourceTree = BUILT_PRODUCTS_DIR; };
		F2F6EAE425D9A31B0041A626 /* AppDelegate.swift */ = {isa = PBXFileReference; lastKnownFileType = sourcecode.swift; path = AppDelegate.swift; sourceTree = "<group>"; };
		F2F6EAE625D9A31B0041A626 /* SceneDelegate.swift */ = {isa = PBXFileReference; lastKnownFileType = sourcecode.swift; path = SceneDelegate.swift; sourceTree = "<group>"; };
		F2F6EAE825D9A31B0041A626 /* statisticsViewController.swift */ = {isa = PBXFileReference; lastKnownFileType = sourcecode.swift; path = statisticsViewController.swift; sourceTree = "<group>"; };
		F2F6EAEB25D9A31B0041A626 /* Base */ = {isa = PBXFileReference; lastKnownFileType = file.storyboard; name = Base; path = Base.lproj/Main.storyboard; sourceTree = "<group>"; };
		F2F6EAED25D9A31B0041A626 /* Assets.xcassets */ = {isa = PBXFileReference; lastKnownFileType = folder.assetcatalog; path = Assets.xcassets; sourceTree = "<group>"; };
		F2F6EAF025D9A31B0041A626 /* Base */ = {isa = PBXFileReference; lastKnownFileType = file.storyboard; name = Base; path = Base.lproj/LaunchScreen.storyboard; sourceTree = "<group>"; };
		F2F6EAF225D9A31B0041A626 /* Info.plist */ = {isa = PBXFileReference; lastKnownFileType = text.plist.xml; path = Info.plist; sourceTree = "<group>"; };
		F2F6EB0025D9C8FC0041A626 /* detailViewController.swift */ = {isa = PBXFileReference; lastKnownFileType = sourcecode.swift; path = detailViewController.swift; sourceTree = "<group>"; };
		F2F6EB0325D9C9130041A626 /* webViewController.swift */ = {isa = PBXFileReference; lastKnownFileType = sourcecode.swift; path = webViewController.swift; sourceTree = "<group>"; };
/* End PBXFileReference section */

/* Begin PBXFrameworksBuildPhase section */
		F2F6EADE25D9A31B0041A626 /* Frameworks */ = {
			isa = PBXFrameworksBuildPhase;
			buildActionMask = 2147483647;
			files = (
				F237600325D9CED600D9E97E /* Gloss in Frameworks */,
			);
			runOnlyForDeploymentPostprocessing = 0;
		};
/* End PBXFrameworksBuildPhase section */

/* Begin PBXGroup section */
		F2375FFC25D9CE1C00D9E97E /* Model */ = {
			isa = PBXGroup;
			children = (
				F2375FFD25D9CE2A00D9E97E /* item.swift */,
			);
			path = Model;
			sourceTree = "<group>";
		};
		F2F6EAD825D9A31B0041A626 = {
			isa = PBXGroup;
			children = (
				F2F6EAE325D9A31B0041A626 /* CovidStatistics */,
				F2F6EAE225D9A31B0041A626 /* Products */,
			);
			sourceTree = "<group>";
		};
		F2F6EAE225D9A31B0041A626 /* Products */ = {
			isa = PBXGroup;
			children = (
				F2F6EAE125D9A31B0041A626 /* CovidStatistics.app */,
			);
			name = Products;
			sourceTree = "<group>";
		};
		F2F6EAE325D9A31B0041A626 /* CovidStatistics */ = {
			isa = PBXGroup;
			children = (
				F2375FFC25D9CE1C00D9E97E /* Model */,
				F2F6EAF925D9A6440041A626 /* AppDelegate */,
				F2F6EAFB25D9A6530041A626 /* Controller */,
				F2F6EAFD25D9A6670041A626 /* View */,
				F2F6EAED25D9A31B0041A626 /* Assets.xcassets */,
				F2F6EAF225D9A31B0041A626 /* Info.plist */,
			);
			path = CovidStatistics;
			sourceTree = "<group>";
		};
		F2F6EAF925D9A6440041A626 /* AppDelegate */ = {
			isa = PBXGroup;
			children = (
				F2F6EAE425D9A31B0041A626 /* AppDelegate.swift */,
				F2F6EAE625D9A31B0041A626 /* SceneDelegate.swift */,
			);
			path = AppDelegate;
			sourceTree = "<group>";
		};
		F2F6EAFB25D9A6530041A626 /* Controller */ = {
			isa = PBXGroup;
			children = (
				F2F6EAE825D9A31B0041A626 /* statisticsViewController.swift */,
				F2F6EB0025D9C8FC0041A626 /* detailViewController.swift */,
				F2F6EB0325D9C9130041A626 /* webViewController.swift */,
			);
			path = Controller;
			sourceTree = "<group>";
		};
		F2F6EAFD25D9A6670041A626 /* View */ = {
			isa = PBXGroup;
			children = (
				F2F6EAEA25D9A31B0041A626 /* Main.storyboard */,
				F2F6EAEF25D9A31B0041A626 /* LaunchScreen.storyboard */,
			);
			path = View;
			sourceTree = "<group>";
		};
/* End PBXGroup section */

/* Begin PBXNativeTarget section */
		F2F6EAE025D9A31B0041A626 /* CovidStatistics */ = {
			isa = PBXNativeTarget;
			buildConfigurationList = F2F6EAF525D9A31B0041A626 /* Build configuration list for PBXNativeTarget "CovidStatistics" */;
			buildPhases = (
				F2F6EADD25D9A31B0041A626 /* Sources */,
				F2F6EADE25D9A31B0041A626 /* Frameworks */,
				F2F6EADF25D9A31B0041A626 /* Resources */,
			);
			buildRules = (
			);
			dependencies = (
			);
			name = CovidStatistics;
			packageProductDependencies = (
				F237600225D9CED600D9E97E /* Gloss */,
			);
			productName = CovidStatistics;
			productReference = F2F6EAE125D9A31B0041A626 /* CovidStatistics.app */;
			productType = "com.apple.product-type.application";
		};
/* End PBXNativeTarget section */

/* Begin PBXProject section */
		F2F6EAD925D9A31B0041A626 /* Project object */ = {
			isa = PBXProject;
			attributes = {
				LastSwiftUpdateCheck = 1230;
				LastUpgradeCheck = 1230;
				TargetAttributes = {
					F2F6EAE025D9A31B0041A626 = {
						CreatedOnToolsVersion = 12.3;
					};
				};
			};
			buildConfigurationList = F2F6EADC25D9A31B0041A626 /* Build configuration list for PBXProject "CovidStatistics" */;
			compatibilityVersion = "Xcode 9.3";
			developmentRegion = en;
			hasScannedForEncodings = 0;
			knownRegions = (
				en,
				Base,
			);
			mainGroup = F2F6EAD825D9A31B0041A626;
			packageReferences = (
				F237600125D9CED600D9E97E /* XCRemoteSwiftPackageReference "Gloss" */,
			);
			productRefGroup = F2F6EAE225D9A31B0041A626 /* Products */;
			projectDirPath = "";
			projectRoot = "";
			targets = (
				F2F6EAE025D9A31B0041A626 /* CovidStatistics */,
			);
		};
/* End PBXProject section */

/* Begin PBXResourcesBuildPhase section */
		F2F6EADF25D9A31B0041A626 /* Resources */ = {
			isa = PBXResourcesBuildPhase;
			buildActionMask = 2147483647;
			files = (
				F2F6EAF125D9A31B0041A626 /* LaunchScreen.storyboard in Resources */,
				F2F6EAEE25D9A31B0041A626 /* Assets.xcassets in Resources */,
				F2F6EAEC25D9A31B0041A626 /* Main.storyboard in Resources */,
			);
			runOnlyForDeploymentPostprocessing = 0;
		};
/* End PBXResourcesBuildPhase section */

/* Begin PBXSourcesBuildPhase section */
		F2F6EADD25D9A31B0041A626 /* Sources */ = {
			isa = PBXSourcesBuildPhase;
			buildActionMask = 2147483647;
			files = (
				F2F6EB0425D9C9130041A626 /* webViewController.swift in Sources */,
				F2F6EAE925D9A31B0041A626 /* statisticsViewController.swift in Sources */,
				F2F6EAE525D9A31B0041A626 /* AppDelegate.swift in Sources */,
				F2F6EAE725D9A31B0041A626 /* SceneDelegate.swift in Sources */,
				F2375FFE25D9CE2A00D9E97E /* item.swift in Sources */,
				F2F6EB0125D9C8FC0041A626 /* detailViewController.swift in Sources */,
			);
			runOnlyForDeploymentPostprocessing = 0;
		};
/* End PBXSourcesBuildPhase section */

/* Begin PBXVariantGroup section */
		F2F6EAEA25D9A31B0041A626 /* Main.storyboard */ = {
			isa = PBXVariantGroup;
			children = (
				F2F6EAEB25D9A31B0041A626 /* Base */,
			);
			name = Main.storyboard;
			sourceTree = "<group>";
		};
		F2F6EAEF25D9A31B0041A626 /* LaunchScreen.storyboard */ = {
			isa = PBXVariantGroup;
			children = (
				F2F6EAF025D9A31B0041A626 /* Base */,
			);
			name = LaunchScreen.storyboard;
			sourceTree = "<group>";
		};
/* End PBXVariantGroup section */

/* Begin XCBuildConfiguration section */
		F2F6EAF325D9A31B0041A626 /* Debug */ = {
			isa = XCBuildConfiguration;
			buildSettings = {
				ALWAYS_SEARCH_USER_PATHS = NO;
				CLANG_ANALYZER_NONNULL = YES;
				CLANG_ANALYZER_NUMBER_OBJECT_CONVERSION = YES_AGGRESSIVE;
				CLANG_CXX_LANGUAGE_STANDARD = "gnu++14";
				CLANG_CXX_LIBRARY = "libc++";
				CLANG_ENABLE_MODULES = YES;
				CLANG_ENABLE_OBJC_ARC = YES;
				CLANG_ENABLE_OBJC_WEAK = YES;
				CLANG_WARN_BLOCK_CAPTURE_AUTORELEASING = YES;
				CLANG_WARN_BOOL_CONVERSION = YES;
				CLANG_WARN_COMMA = YES;
				CLANG_WARN_CONSTANT_CONVERSION = YES;
				CLANG_WARN_DEPRECATED_OBJC_IMPLEMENTATIONS = YES;
				CLANG_WARN_DIRECT_OBJC_ISA_USAGE = YES_ERROR;
				CLANG_WARN_DOCUMENTATION_COMMENTS = YES;
				CLANG_WARN_EMPTY_BODY = YES;
				CLANG_WARN_ENUM_CONVERSION = YES;
				CLANG_WARN_INFINITE_RECURSION = YES;
				CLANG_WARN_INT_CONVERSION = YES;
				CLANG_WARN_NON_LITERAL_NULL_CONVERSION = YES;
				CLANG_WARN_OBJC_IMPLICIT_RETAIN_SELF = YES;
				CLANG_WARN_OBJC_LITERAL_CONVERSION = YES;
				CLANG_WARN_OBJC_ROOT_CLASS = YES_ERROR;
				CLANG_WARN_QUOTED_INCLUDE_IN_FRAMEWORK_HEADER = YES;
				CLANG_WARN_RANGE_LOOP_ANALYSIS = YES;
				CLANG_WARN_STRICT_PROTOTYPES = YES;
				CLANG_WARN_SUSPICIOUS_MOVE = YES;
				CLANG_WARN_UNGUARDED_AVAILABILITY = YES_AGGRESSIVE;
				CLANG_WARN_UNREACHABLE_CODE = YES;
				CLANG_WARN__DUPLICATE_METHOD_MATCH = YES;
				COPY_PHASE_STRIP = NO;
				DEBUG_INFORMATION_FORMAT = dwarf;
				ENABLE_STRICT_OBJC_MSGSEND = YES;
				ENABLE_TESTABILITY = YES;
				GCC_C_LANGUAGE_STANDARD = gnu11;
				GCC_DYNAMIC_NO_PIC = NO;
				GCC_NO_COMMON_BLOCKS = YES;
				GCC_OPTIMIZATION_LEVEL = 0;
				GCC_PREPROCESSOR_DEFINITIONS = (
					"DEBUG=1",
					"$(inherited)",
				);
				GCC_WARN_64_TO_32_BIT_CONVERSION = YES;
				GCC_WARN_ABOUT_RETURN_TYPE = YES_ERROR;
				GCC_WARN_UNDECLARED_SELECTOR = YES;
				GCC_WARN_UNINITIALIZED_AUTOS = YES_AGGRESSIVE;
				GCC_WARN_UNUSED_FUNCTION = YES;
				GCC_WARN_UNUSED_VARIABLE = YES;
				IPHONEOS_DEPLOYMENT_TARGET = 14.3;
				MTL_ENABLE_DEBUG_INFO = INCLUDE_SOURCE;
				MTL_FAST_MATH = YES;
				ONLY_ACTIVE_ARCH = YES;
				SDKROOT = iphoneos;
				SWIFT_ACTIVE_COMPILATION_CONDITIONS = DEBUG;
				SWIFT_OPTIMIZATION_LEVEL = "-Onone";
			};
			name = Debug;
		};
		F2F6EAF425D9A31B0041A626 /* Release */ = {
			isa = XCBuildConfiguration;
			buildSettings = {
				ALWAYS_SEARCH_USER_PATHS = NO;
				CLANG_ANALYZER_NONNULL = YES;
				CLANG_ANALYZER_NUMBER_OBJECT_CONVERSION = YES_AGGRESSIVE;
				CLANG_CXX_LANGUAGE_STANDARD = "gnu++14";
				CLANG_CXX_LIBRARY = "libc++";
				CLANG_ENABLE_MODULES = YES;
				CLANG_ENABLE_OBJC_ARC = YES;
				CLANG_ENABLE_OBJC_WEAK = YES;
				CLANG_WARN_BLOCK_CAPTURE_AUTORELEASING = YES;
				CLANG_WARN_BOOL_CONVERSION = YES;
				CLANG_WARN_COMMA = YES;
				CLANG_WARN_CONSTANT_CONVERSION = YES;
				CLANG_WARN_DEPRECATED_OBJC_IMPLEMENTATIONS = YES;
				CLANG_WARN_DIRECT_OBJC_ISA_USAGE = YES_ERROR;
				CLANG_WARN_DOCUMENTATION_COMMENTS = YES;
				CLANG_WARN_EMPTY_BODY = YES;
				CLANG_WARN_ENUM_CONVERSION = YES;
				CLANG_WARN_INFINITE_RECURSION = YES;
				CLANG_WARN_INT_CONVERSION = YES;
				CLANG_WARN_NON_LITERAL_NULL_CONVERSION = YES;
				CLANG_WARN_OBJC_IMPLICIT_RETAIN_SELF = YES;
				CLANG_WARN_OBJC_LITERAL_CONVERSION = YES;
				CLANG_WARN_OBJC_ROOT_CLASS = YES_ERROR;
				CLANG_WARN_QUOTED_INCLUDE_IN_FRAMEWORK_HEADER = YES;
				CLANG_WARN_RANGE_LOOP_ANALYSIS = YES;
				CLANG_WARN_STRICT_PROTOTYPES = YES;
				CLANG_WARN_SUSPICIOUS_MOVE = YES;
				CLANG_WARN_UNGUARDED_AVAILABILITY = YES_AGGRESSIVE;
				CLANG_WARN_UNREACHABLE_CODE = YES;
				CLANG_WARN__DUPLICATE_METHOD_MATCH = YES;
				COPY_PHASE_STRIP = NO;
				DEBUG_INFORMATION_FORMAT = "dwarf-with-dsym";
				ENABLE_NS_ASSERTIONS = NO;
				ENABLE_STRICT_OBJC_MSGSEND = YES;
				GCC_C_LANGUAGE_STANDARD = gnu11;
				GCC_NO_COMMON_BLOCKS = YES;
				GCC_WARN_64_TO_32_BIT_CONVERSION = YES;
				GCC_WARN_ABOUT_RETURN_TYPE = YES_ERROR;
				GCC_WARN_UNDECLARED_SELECTOR = YES;
				GCC_WARN_UNINITIALIZED_AUTOS = YES_AGGRESSIVE;
				GCC_WARN_UNUSED_FUNCTION = YES;
				GCC_WARN_UNUSED_VARIABLE = YES;
				IPHONEOS_DEPLOYMENT_TARGET = 14.3;
				MTL_ENABLE_DEBUG_INFO = NO;
				MTL_FAST_MATH = YES;
				SDKROOT = iphoneos;
				SWIFT_COMPILATION_MODE = wholemodule;
				SWIFT_OPTIMIZATION_LEVEL = "-O";
				VALIDATE_PRODUCT = YES;
			};
			name = Release;
		};
		F2F6EAF625D9A31B0041A626 /* Debug */ = {
			isa = XCBuildConfiguration;
			buildSettings = {
				ASSETCATALOG_COMPILER_APPICON_NAME = AppIcon;
				ASSETCATALOG_COMPILER_GLOBAL_ACCENT_COLOR_NAME = AccentColor;
				CODE_SIGN_STYLE = Automatic;
				DEVELOPMENT_TEAM = AU4H5UYR6V;
				INFOPLIST_FILE = CovidStatistics/Info.plist;
				LD_RUNPATH_SEARCH_PATHS = (
					"$(inherited)",
					"@executable_path/Frameworks",
				);
				PRODUCT_BUNDLE_IDENTIFIER = lv.accenture.bootcamp.CovidStatistics;
				PRODUCT_NAME = "$(TARGET_NAME)";
				SWIFT_VERSION = 5.0;
				TARGETED_DEVICE_FAMILY = "1,2";
			};
			name = Debug;
		};
		F2F6EAF725D9A31B0041A626 /* Release */ = {
			isa = XCBuildConfiguration;
			buildSettings = {
				ASSETCATALOG_COMPILER_APPICON_NAME = AppIcon;
				ASSETCATALOG_COMPILER_GLOBAL_ACCENT_COLOR_NAME = AccentColor;
				CODE_SIGN_STYLE = Automatic;
				DEVELOPMENT_TEAM = AU4H5UYR6V;
				INFOPLIST_FILE = CovidStatistics/Info.plist;
				LD_RUNPATH_SEARCH_PATHS = (
					"$(inherited)",
					"@executable_path/Frameworks",
				);
				PRODUCT_BUNDLE_IDENTIFIER = lv.accenture.bootcamp.CovidStatistics;
				PRODUCT_NAME = "$(TARGET_NAME)";
				SWIFT_VERSION = 5.0;
				TARGETED_DEVICE_FAMILY = "1,2";
			};
			name = Release;
		};
/* End XCBuildConfiguration section */

/* Begin XCConfigurationList section */
		F2F6EADC25D9A31B0041A626 /* Build configuration list for PBXProject "CovidStatistics" */ = {
			isa = XCConfigurationList;
			buildConfigurations = (
				F2F6EAF325D9A31B0041A626 /* Debug */,
				F2F6EAF425D9A31B0041A626 /* Release */,
			);
			defaultConfigurationIsVisible = 0;
			defaultConfigurationName = Release;
		};
		F2F6EAF525D9A31B0041A626 /* Build configuration list for PBXNativeTarget "CovidStatistics" */ = {
			isa = XCConfigurationList;
			buildConfigurations = (
				F2F6EAF625D9A31B0041A626 /* Debug */,
				F2F6EAF725D9A31B0041A626 /* Release */,
			);
			defaultConfigurationIsVisible = 0;
			defaultConfigurationName = Release;
		};
/* End XCConfigurationList section */

/* Begin XCRemoteSwiftPackageReference section */
		F237600125D9CED600D9E97E /* XCRemoteSwiftPackageReference "Gloss" */ = {
			isa = XCRemoteSwiftPackageReference;
			repositoryURL = "https://github.com/hkellaway/Gloss.git";
			requirement = {
				kind = upToNextMajorVersion;
				minimumVersion = 3.2.1;
			};
		};
/* End XCRemoteSwiftPackageReference section */

/* Begin XCSwiftPackageProductDependency section */
		F237600225D9CED600D9E97E /* Gloss */ = {
			isa = XCSwiftPackageProductDependency;
			package = F237600125D9CED600D9E97E /* XCRemoteSwiftPackageReference "Gloss" */;
			productName = Gloss;
		};
/* End XCSwiftPackageProductDependency section */
	};
	rootObject = F2F6EAD925D9A31B0041A626 /* Project object */;
}
